
Microsoft Visual Studio Solution File, Format Version 12.00
# Visual Studio Version 16
VisualStudioVersion = 16.0.30011.22
MinimumVisualStudioVersion = 10.0.40219.1
Project("{FAE04EC0-301F-11D3-BF4B-00C04F79EFBC}") = "FindSmallest", "FindSmallest\FindSmallest.csproj", "{E7C5FFA8-04BF-4606-94CE-32E198268B45}"
EndProject
Global
	GlobalSection(SolutionConfigurationPlatforms) = preSolution
		Debug|Any CPU = Debug|Any CPU
		Release|Any CPU = Release|Any CPU
	EndGlobalSection
	GlobalSection(ProjectConfigurationPlatforms) = postSolution
		{E7C5FFA8-04BF-4606-94CE-32E198268B45}.Debug|Any CPU.ActiveCfg = Debug|Any CPU
		{E7C5FFA8-04BF-4606-94CE-32E198268B45}.Debug|Any CPU.Build.0 = Debug|Any CPU
		{E7C5FFA8-04BF-4606-94CE-32E198268B45}.Release|Any CPU.ActiveCfg = Release|Any CPU
		{E7C5FFA8-04BF-4606-94CE-32E198268B45}.Release|Any CPU.Build.0 = Release|Any CPU
	EndGlobalSection
	GlobalSection(SolutionProperties) = preSolution
		HideSolutionNode = FALSE
	EndGlobalSection
	GlobalSection(ExtensibilityGlobals) = postSolution
		SolutionGuid = {BBC99399-7B5E-4E39-9EC4-8286BD4B836D}
	EndGlobalSection
EndGlobal
